
Microsoft Visual Studio Solution File, Format Version 12.00
# Visual Studio Version 17
VisualStudioVersion = 17.6.33815.320
MinimumVisualStudioVersion = 10.0.40219.1
Project("{FAE04EC0-301F-11D3-BF4B-00C04F79EFBC}") = "Phase1Section4.13", "Phase1Section4.13\Phase1Section4.13.csproj", "{559B4412-DD91-4424-8C3A-9EA8326524CE}"
EndProject
Global
	GlobalSection(SolutionConfigurationPlatforms) = preSolution
		Debug|Any CPU = Debug|Any CPU
		Release|Any CPU = Release|Any CPU
	EndGlobalSection
	GlobalSection(ProjectConfigurationPlatforms) = postSolution
		{559B4412-DD91-4424-8C3A-9EA8326524CE}.Debug|Any CPU.ActiveCfg = Debug|Any CPU
		{559B4412-DD91-4424-8C3A-9EA8326524CE}.Debug|Any CPU.Build.0 = Debug|Any CPU
		{559B4412-DD91-4424-8C3A-9EA8326524CE}.Release|Any CPU.ActiveCfg = Release|Any CPU
		{559B4412-DD91-4424-8C3A-9EA8326524CE}.Release|Any CPU.Build.0 = Release|Any CPU
	EndGlobalSection
	GlobalSection(SolutionProperties) = preSolution
		HideSolutionNode = FALSE
	EndGlobalSection
	GlobalSection(ExtensibilityGlobals) = postSolution
		SolutionGuid = {924D4BAF-9398-4EB9-BE71-833F32DCD62D}
	EndGlobalSection
EndGlobal
