
Microsoft Visual Studio Solution File, Format Version 12.00
# Visual Studio Version 17
VisualStudioVersion = 17.6.33815.320
MinimumVisualStudioVersion = 10.0.40219.1
Project("{FAE04EC0-301F-11D3-BF4B-00C04F79EFBC}") = "Phase1Section4.33", "Phase1Section4.33\Phase1Section4.33.csproj", "{5FC5546A-C4B1-4741-9D57-AC83CA2C908E}"
EndProject
Global
	GlobalSection(SolutionConfigurationPlatforms) = preSolution
		Debug|Any CPU = Debug|Any CPU
		Release|Any CPU = Release|Any CPU
	EndGlobalSection
	GlobalSection(ProjectConfigurationPlatforms) = postSolution
		{5FC5546A-C4B1-4741-9D57-AC83CA2C908E}.Debug|Any CPU.ActiveCfg = Debug|Any CPU
		{5FC5546A-C4B1-4741-9D57-AC83CA2C908E}.Debug|Any CPU.Build.0 = Debug|Any CPU
		{5FC5546A-C4B1-4741-9D57-AC83CA2C908E}.Release|Any CPU.ActiveCfg = Release|Any CPU
		{5FC5546A-C4B1-4741-9D57-AC83CA2C908E}.Release|Any CPU.Build.0 = Release|Any CPU
	EndGlobalSection
	GlobalSection(SolutionProperties) = preSolution
		HideSolutionNode = FALSE
	EndGlobalSection
	GlobalSection(ExtensibilityGlobals) = postSolution
		SolutionGuid = {BF89AE1B-EFDA-4B3B-BEA6-6E4225E2F5C8}
	EndGlobalSection
EndGlobal
