
Microsoft Visual Studio Solution File, Format Version 12.00
# Visual Studio Version 17
VisualStudioVersion = 17.6.33815.320
MinimumVisualStudioVersion = 10.0.40219.1
Project("{FAE04EC0-301F-11D3-BF4B-00C04F79EFBC}") = "Phase1Section4.29", "Phase1Section4.29\Phase1Section4.29.csproj", "{5A86BA1C-DF4E-4930-BD7C-06A6905EBF61}"
EndProject
Global
	GlobalSection(SolutionConfigurationPlatforms) = preSolution
		Debug|Any CPU = Debug|Any CPU
		Release|Any CPU = Release|Any CPU
	EndGlobalSection
	GlobalSection(ProjectConfigurationPlatforms) = postSolution
		{5A86BA1C-DF4E-4930-BD7C-06A6905EBF61}.Debug|Any CPU.ActiveCfg = Debug|Any CPU
		{5A86BA1C-DF4E-4930-BD7C-06A6905EBF61}.Debug|Any CPU.Build.0 = Debug|Any CPU
		{5A86BA1C-DF4E-4930-BD7C-06A6905EBF61}.Release|Any CPU.ActiveCfg = Release|Any CPU
		{5A86BA1C-DF4E-4930-BD7C-06A6905EBF61}.Release|Any CPU.Build.0 = Release|Any CPU
	EndGlobalSection
	GlobalSection(SolutionProperties) = preSolution
		HideSolutionNode = FALSE
	EndGlobalSection
	GlobalSection(ExtensibilityGlobals) = postSolution
		SolutionGuid = {DB2EA4ED-1755-4C12-A458-94C2795B76D8}
	EndGlobalSection
EndGlobal
