
Microsoft Visual Studio Solution File, Format Version 12.00
# Visual Studio Version 17
VisualStudioVersion = 17.6.33815.320
MinimumVisualStudioVersion = 10.0.40219.1
Project("{FAE04EC0-301F-11D3-BF4B-00C04F79EFBC}") = "Phase1Section5.8", "Phase1Section5.8\Phase1Section5.8.csproj", "{1B4AFAD3-E667-4BD8-8A28-98AD1074E5FF}"
EndProject
Global
	GlobalSection(SolutionConfigurationPlatforms) = preSolution
		Debug|Any CPU = Debug|Any CPU
		Release|Any CPU = Release|Any CPU
	EndGlobalSection
	GlobalSection(ProjectConfigurationPlatforms) = postSolution
		{1B4AFAD3-E667-4BD8-8A28-98AD1074E5FF}.Debug|Any CPU.ActiveCfg = Debug|Any CPU
		{1B4AFAD3-E667-4BD8-8A28-98AD1074E5FF}.Debug|Any CPU.Build.0 = Debug|Any CPU
		{1B4AFAD3-E667-4BD8-8A28-98AD1074E5FF}.Release|Any CPU.ActiveCfg = Release|Any CPU
		{1B4AFAD3-E667-4BD8-8A28-98AD1074E5FF}.Release|Any CPU.Build.0 = Release|Any CPU
	EndGlobalSection
	GlobalSection(SolutionProperties) = preSolution
		HideSolutionNode = FALSE
	EndGlobalSection
	GlobalSection(ExtensibilityGlobals) = postSolution
		SolutionGuid = {A54B57B9-6A07-4283-B161-E7084043CEE1}
	EndGlobalSection
EndGlobal
