
Microsoft Visual Studio Solution File, Format Version 12.00
# Visual Studio Version 17
VisualStudioVersion = 17.6.33815.320
MinimumVisualStudioVersion = 10.0.40219.1
Project("{FAE04EC0-301F-11D3-BF4B-00C04F79EFBC}") = "Phase1Section4.7c", "Phase1Section4.7c\Phase1Section4.7c.csproj", "{27D68B0F-511C-4EF2-8279-5BA5E3F5F40F}"
EndProject
Global
	GlobalSection(SolutionConfigurationPlatforms) = preSolution
		Debug|Any CPU = Debug|Any CPU
		Release|Any CPU = Release|Any CPU
	EndGlobalSection
	GlobalSection(ProjectConfigurationPlatforms) = postSolution
		{27D68B0F-511C-4EF2-8279-5BA5E3F5F40F}.Debug|Any CPU.ActiveCfg = Debug|Any CPU
		{27D68B0F-511C-4EF2-8279-5BA5E3F5F40F}.Debug|Any CPU.Build.0 = Debug|Any CPU
		{27D68B0F-511C-4EF2-8279-5BA5E3F5F40F}.Release|Any CPU.ActiveCfg = Release|Any CPU
		{27D68B0F-511C-4EF2-8279-5BA5E3F5F40F}.Release|Any CPU.Build.0 = Release|Any CPU
	EndGlobalSection
	GlobalSection(SolutionProperties) = preSolution
		HideSolutionNode = FALSE
	EndGlobalSection
	GlobalSection(ExtensibilityGlobals) = postSolution
		SolutionGuid = {F6ACC13A-89BC-42F6-8431-5D604D6427F8}
	EndGlobalSection
EndGlobal
